
Microsoft Visual Studio Solution File, Format Version 12.00
# Visual Studio Version 17
VisualStudioVersion = 17.6.33723.286
MinimumVisualStudioVersion = 10.0.40219.1
Project("{FAE04EC0-301F-11D3-BF4B-00C04F79EFBC}") = "StarWarsTestApp", "StarWarsTestApp.csproj", "{D68A8028-037B-4718-AF3D-77CF8179AE08}"
EndProject
Global
	GlobalSection(SolutionConfigurationPlatforms) = preSolution
		Debug|Any CPU = Debug|Any CPU
		Release|Any CPU = Release|Any CPU
	EndGlobalSection
	GlobalSection(ProjectConfigurationPlatforms) = postSolution
		{D68A8028-037B-4718-AF3D-77CF8179AE08}.Debug|Any CPU.ActiveCfg = Debug|Any CPU
		{D68A8028-037B-4718-AF3D-77CF8179AE08}.Debug|Any CPU.Build.0 = Debug|Any CPU
		{D68A8028-037B-4718-AF3D-77CF8179AE08}.Release|Any CPU.ActiveCfg = Release|Any CPU
		{D68A8028-037B-4718-AF3D-77CF8179AE08}.Release|Any CPU.Build.0 = Release|Any CPU
	EndGlobalSection
	GlobalSection(SolutionProperties) = preSolution
		HideSolutionNode = FALSE
	EndGlobalSection
	GlobalSection(ExtensibilityGlobals) = postSolution
		SolutionGuid = {17861EA3-D21F-45B8-B531-93B03EF72D5A}
	EndGlobalSection
EndGlobal
